
Microsoft Visual Studio Solution File, Format Version 12.00
# Visual Studio Version 17
VisualStudioVersion = 17.3.32929.385
MinimumVisualStudioVersion = 10.0.40219.1
Project("{FAE04EC0-301F-11D3-BF4B-00C04F79EFBC}") = "REST API", "REST API\REST API.csproj", "{56995F92-5484-4C51-8D59-77B45E57BA7A}"
EndProject
Global
	GlobalSection(SolutionConfigurationPlatforms) = preSolution
		Debug|Any CPU = Debug|Any CPU
		Release|Any CPU = Release|Any CPU
	EndGlobalSection
	GlobalSection(ProjectConfigurationPlatforms) = postSolution
		{56995F92-5484-4C51-8D59-77B45E57BA7A}.Debug|Any CPU.ActiveCfg = Debug|Any CPU
		{56995F92-5484-4C51-8D59-77B45E57BA7A}.Debug|Any CPU.Build.0 = Debug|Any CPU
		{56995F92-5484-4C51-8D59-77B45E57BA7A}.Release|Any CPU.ActiveCfg = Release|Any CPU
		{56995F92-5484-4C51-8D59-77B45E57BA7A}.Release|Any CPU.Build.0 = Release|Any CPU
	EndGlobalSection
	GlobalSection(SolutionProperties) = preSolution
		HideSolutionNode = FALSE
	EndGlobalSection
	GlobalSection(ExtensibilityGlobals) = postSolution
		SolutionGuid = {4CD88DB4-CACD-4FD8-9A9B-28605F818D7A}
	EndGlobalSection
EndGlobal
